
Microsoft Visual Studio Solution File, Format Version 12.00
# Visual Studio Version 16
VisualStudioVersion = 16.0.31729.503
MinimumVisualStudioVersion = 10.0.40219.1
Project("{FAE04EC0-301F-11D3-BF4B-00C04F79EFBC}") = "ProjectBoxes", "ProjectBoxes\ProjectBoxes.csproj", "{E88177CE-0529-4AFB-B2EA-28954898235A}"
EndProject
Global
	GlobalSection(SolutionConfigurationPlatforms) = preSolution
		Debug|Any CPU = Debug|Any CPU
		Release|Any CPU = Release|Any CPU
	EndGlobalSection
	GlobalSection(ProjectConfigurationPlatforms) = postSolution
		{E88177CE-0529-4AFB-B2EA-28954898235A}.Debug|Any CPU.ActiveCfg = Debug|Any CPU
		{E88177CE-0529-4AFB-B2EA-28954898235A}.Debug|Any CPU.Build.0 = Debug|Any CPU
		{E88177CE-0529-4AFB-B2EA-28954898235A}.Release|Any CPU.ActiveCfg = Release|Any CPU
		{E88177CE-0529-4AFB-B2EA-28954898235A}.Release|Any CPU.Build.0 = Release|Any CPU
	EndGlobalSection
	GlobalSection(SolutionProperties) = preSolution
		HideSolutionNode = FALSE
	EndGlobalSection
	GlobalSection(ExtensibilityGlobals) = postSolution
		SolutionGuid = {863A0DCB-AE77-4E34-AECD-0484C6FC8049}
	EndGlobalSection
EndGlobal
